
Microsoft Visual Studio Solution File, Format Version 12.00
# Visual Studio Version 16
VisualStudioVersion = 16.0.32413.511
MinimumVisualStudioVersion = 10.0.40219.1
Project("{FAE04EC0-301F-11D3-BF4B-00C04F79EFBC}") = "SrezITCollege", "SrezITCollege\SrezITCollege.csproj", "{A9037ADD-250F-4077-AABB-C7585D6FE895}"
EndProject
Global
	GlobalSection(SolutionConfigurationPlatforms) = preSolution
		Debug|Any CPU = Debug|Any CPU
		Release|Any CPU = Release|Any CPU
	EndGlobalSection
	GlobalSection(ProjectConfigurationPlatforms) = postSolution
		{A9037ADD-250F-4077-AABB-C7585D6FE895}.Debug|Any CPU.ActiveCfg = Debug|Any CPU
		{A9037ADD-250F-4077-AABB-C7585D6FE895}.Debug|Any CPU.Build.0 = Debug|Any CPU
		{A9037ADD-250F-4077-AABB-C7585D6FE895}.Release|Any CPU.ActiveCfg = Release|Any CPU
		{A9037ADD-250F-4077-AABB-C7585D6FE895}.Release|Any CPU.Build.0 = Release|Any CPU
	EndGlobalSection
	GlobalSection(SolutionProperties) = preSolution
		HideSolutionNode = FALSE
	EndGlobalSection
	GlobalSection(ExtensibilityGlobals) = postSolution
		SolutionGuid = {8582BF54-0DEE-471D-BB1E-6E54ED160992}
	EndGlobalSection
EndGlobal
